// !$*UTF8*$!
{
	archiveVersion = 1;
	classes = {
	};
	objectVersion = 50;
	objects = {

/* Begin PBXBuildFile section */
		E712A2FF26A2F2D200D6B3E4 /* UIColor+RSColor.m in Sources */ = {isa = PBXBuildFile; fileRef = E712A2FE26A2F2D200D6B3E4 /* UIColor+RSColor.m */; };
		E712A30526A357FE00D6B3E4 /* RSHeadView.m in Sources */ = {isa = PBXBuildFile; fileRef = E712A30426A357FE00D6B3E4 /* RSHeadView.m */; };
		E723493E26A1B14B0096D488 /* RSUIButton.m in Sources */ = {isa = PBXBuildFile; fileRef = E723493D26A1B14B0096D488 /* RSUIButton.m */; };
		E723494626A228EC0096D488 /* RSPalletVC.m in Sources */ = {isa = PBXBuildFile; fileRef = E723494426A228EC0096D488 /* RSPalletVC.m */; };
		E723494726A228EC0096D488 /* RSPalletVC.xib in Resources */ = {isa = PBXBuildFile; fileRef = E723494526A228EC0096D488 /* RSPalletVC.xib */; };
		E723494C26A243FB0096D488 /* RSPalleteUnit.m in Sources */ = {isa = PBXBuildFile; fileRef = E723494B26A243FB0096D488 /* RSPalleteUnit.m */; };
		E7A5B7A226A0BD830048B382 /* AppDelegate.m in Sources */ = {isa = PBXBuildFile; fileRef = E7A5B7A126A0BD830048B382 /* AppDelegate.m */; };
		E7A5B7AD26A0BD850048B382 /* Assets.xcassets in Resources */ = {isa = PBXBuildFile; fileRef = E7A5B7AC26A0BD850048B382 /* Assets.xcassets */; };
		E7A5B7B026A0BD850048B382 /* LaunchScreen.storyboard in Resources */ = {isa = PBXBuildFile; fileRef = E7A5B7AE26A0BD850048B382 /* LaunchScreen.storyboard */; };
		E7A5B7B326A0BD850048B382 /* main.m in Sources */ = {isa = PBXBuildFile; fileRef = E7A5B7B226A0BD850048B382 /* main.m */; };
		E7A5B7BC26A0C1860048B382 /* RSNavigationVC.m in Sources */ = {isa = PBXBuildFile; fileRef = E7A5B7BB26A0C1860048B382 /* RSNavigationVC.m */; };
		E7A5B7E726A0CB590048B382 /* Montserrat-Medium.ttf in Resources */ = {isa = PBXBuildFile; fileRef = E7A5B7E526A0CB590048B382 /* Montserrat-Medium.ttf */; };
		E7A5B7E826A0CB590048B382 /* Montserrat-Regular.ttf in Resources */ = {isa = PBXBuildFile; fileRef = E7A5B7E626A0CB590048B382 /* Montserrat-Regular.ttf */; };
		E7A5B7EF26A0D5A40048B382 /* RSArtistVC.m in Sources */ = {isa = PBXBuildFile; fileRef = E7A5B7ED26A0D5A40048B382 /* RSArtistVC.m */; };
		E7A5B7F026A0D5A40048B382 /* RSArtistVC.xib in Resources */ = {isa = PBXBuildFile; fileRef = E7A5B7EE26A0D5A40048B382 /* RSArtistVC.xib */; };
		E7A5B7F626A0DBAE0048B382 /* RSDrawingsVC.swift in Sources */ = {isa = PBXBuildFile; fileRef = E7A5B7F426A0DBAE0048B382 /* RSDrawingsVC.swift */; };
		E7A5B7F726A0DBAE0048B382 /* RSDrawingsVC.xib in Resources */ = {isa = PBXBuildFile; fileRef = E7A5B7F526A0DBAE0048B382 /* RSDrawingsVC.xib */; };
		E7F3A59A26A4071800B39B8A /* RSTimerVC.swift in Sources */ = {isa = PBXBuildFile; fileRef = E7F3A59826A4071800B39B8A /* RSTimerVC.swift */; };
		E7F3A59B26A4071800B39B8A /* RSTimerVC.xib in Resources */ = {isa = PBXBuildFile; fileRef = E7F3A59926A4071800B39B8A /* RSTimerVC.xib */; };
/* End PBXBuildFile section */

/* Begin PBXFileReference section */
		E712A2FD26A2F2D200D6B3E4 /* UIColor+RSColor.h */ = {isa = PBXFileReference; lastKnownFileType = sourcecode.c.h; path = "UIColor+RSColor.h"; sourceTree = "<group>"; };
		E712A2FE26A2F2D200D6B3E4 /* UIColor+RSColor.m */ = {isa = PBXFileReference; lastKnownFileType = sourcecode.c.objc; path = "UIColor+RSColor.m"; sourceTree = "<group>"; };
		E712A30026A33B1600D6B3E4 /* RSpaletteVCDelegate.h */ = {isa = PBXFileReference; lastKnownFileType = sourcecode.c.h; path = RSpaletteVCDelegate.h; sourceTree = "<group>"; };
		E712A30326A357FE00D6B3E4 /* RSHeadView.h */ = {isa = PBXFileReference; lastKnownFileType = sourcecode.c.h; path = RSHeadView.h; sourceTree = "<group>"; };
		E712A30426A357FE00D6B3E4 /* RSHeadView.m */ = {isa = PBXFileReference; lastKnownFileType = sourcecode.c.objc; path = RSHeadView.m; sourceTree = "<group>"; };
		E712A30726A3BCDA00D6B3E4 /* RSDrawStateDelegate.h */ = {isa = PBXFileReference; lastKnownFileType = sourcecode.c.h; path = RSDrawStateDelegate.h; sourceTree = "<group>"; };
		E723493C26A1B14B0096D488 /* RSUIButton.h */ = {isa = PBXFileReference; lastKnownFileType = sourcecode.c.h; path = RSUIButton.h; sourceTree = "<group>"; };
		E723493D26A1B14B0096D488 /* RSUIButton.m */ = {isa = PBXFileReference; lastKnownFileType = sourcecode.c.objc; path = RSUIButton.m; sourceTree = "<group>"; };
		E723494326A228EC0096D488 /* RSPalletVC.h */ = {isa = PBXFileReference; lastKnownFileType = sourcecode.c.h; path = RSPalletVC.h; sourceTree = "<group>"; };
		E723494426A228EC0096D488 /* RSPalletVC.m */ = {isa = PBXFileReference; lastKnownFileType = sourcecode.c.objc; path = RSPalletVC.m; sourceTree = "<group>"; };
		E723494526A228EC0096D488 /* RSPalletVC.xib */ = {isa = PBXFileReference; lastKnownFileType = file.xib; path = RSPalletVC.xib; sourceTree = "<group>"; };
		E723494A26A243FB0096D488 /* RSPalleteUnit.h */ = {isa = PBXFileReference; lastKnownFileType = sourcecode.c.h; path = RSPalleteUnit.h; sourceTree = "<group>"; };
		E723494B26A243FB0096D488 /* RSPalleteUnit.m */ = {isa = PBXFileReference; lastKnownFileType = sourcecode.c.objc; path = RSPalleteUnit.m; sourceTree = "<group>"; };
		E7A5B79D26A0BD830048B382 /* RSSchool_T8.app */ = {isa = PBXFileReference; explicitFileType = wrapper.application; includeInIndex = 0; path = RSSchool_T8.app; sourceTree = BUILT_PRODUCTS_DIR; };
		E7A5B7A026A0BD830048B382 /* AppDelegate.h */ = {isa = PBXFileReference; lastKnownFileType = sourcecode.c.h; path = AppDelegate.h; sourceTree = "<group>"; };
		E7A5B7A126A0BD830048B382 /* AppDelegate.m */ = {isa = PBXFileReference; lastKnownFileType = sourcecode.c.objc; path = AppDelegate.m; sourceTree = "<group>"; };
		E7A5B7AC26A0BD850048B382 /* Assets.xcassets */ = {isa = PBXFileReference; lastKnownFileType = folder.assetcatalog; path = Assets.xcassets; sourceTree = "<group>"; };
		E7A5B7AF26A0BD850048B382 /* Base */ = {isa = PBXFileReference; lastKnownFileType = file.storyboard; name = Base; path = Base.lproj/LaunchScreen.storyboard; sourceTree = "<group>"; };
		E7A5B7B126A0BD850048B382 /* Info.plist */ = {isa = PBXFileReference; lastKnownFileType = text.plist.xml; path = Info.plist; sourceTree = "<group>"; };
		E7A5B7B226A0BD850048B382 /* main.m */ = {isa = PBXFileReference; lastKnownFileType = sourcecode.c.objc; path = main.m; sourceTree = "<group>"; };
		E7A5B7BA26A0C1860048B382 /* RSNavigationVC.h */ = {isa = PBXFileReference; lastKnownFileType = sourcecode.c.h; path = RSNavigationVC.h; sourceTree = "<group>"; };
		E7A5B7BB26A0C1860048B382 /* RSNavigationVC.m */ = {isa = PBXFileReference; lastKnownFileType = sourcecode.c.objc; path = RSNavigationVC.m; sourceTree = "<group>"; };
		E7A5B7E526A0CB590048B382 /* Montserrat-Medium.ttf */ = {isa = PBXFileReference; lastKnownFileType = file; path = "Montserrat-Medium.ttf"; sourceTree = "<group>"; };
		E7A5B7E626A0CB590048B382 /* Montserrat-Regular.ttf */ = {isa = PBXFileReference; lastKnownFileType = file; path = "Montserrat-Regular.ttf"; sourceTree = "<group>"; };
		E7A5B7EB26A0D1A60048B382 /* RSArtistState.h */ = {isa = PBXFileReference; lastKnownFileType = sourcecode.c.h; path = RSArtistState.h; sourceTree = "<group>"; };
		E7A5B7EC26A0D5A40048B382 /* RSArtistVC.h */ = {isa = PBXFileReference; lastKnownFileType = sourcecode.c.h; path = RSArtistVC.h; sourceTree = "<group>"; };
		E7A5B7ED26A0D5A40048B382 /* RSArtistVC.m */ = {isa = PBXFileReference; lastKnownFileType = sourcecode.c.objc; path = RSArtistVC.m; sourceTree = "<group>"; };
		E7A5B7EE26A0D5A40048B382 /* RSArtistVC.xib */ = {isa = PBXFileReference; lastKnownFileType = file.xib; path = RSArtistVC.xib; sourceTree = "<group>"; };
		E7A5B7F326A0DBAE0048B382 /* RSSchool_T8-Bridging-Header.h */ = {isa = PBXFileReference; lastKnownFileType = sourcecode.c.h; path = "RSSchool_T8-Bridging-Header.h"; sourceTree = "<group>"; };
		E7A5B7F426A0DBAE0048B382 /* RSDrawingsVC.swift */ = {isa = PBXFileReference; lastKnownFileType = sourcecode.swift; path = RSDrawingsVC.swift; sourceTree = "<group>"; };
		E7A5B7F526A0DBAE0048B382 /* RSDrawingsVC.xib */ = {isa = PBXFileReference; lastKnownFileType = file.xib; path = RSDrawingsVC.xib; sourceTree = "<group>"; };
		E7F3A59826A4071800B39B8A /* RSTimerVC.swift */ = {isa = PBXFileReference; lastKnownFileType = sourcecode.swift; path = RSTimerVC.swift; sourceTree = "<group>"; };
		E7F3A59926A4071800B39B8A /* RSTimerVC.xib */ = {isa = PBXFileReference; lastKnownFileType = file.xib; path = RSTimerVC.xib; sourceTree = "<group>"; };
/* End PBXFileReference section */

/* Begin PBXFrameworksBuildPhase section */
		E7A5B79A26A0BD830048B382 /* Frameworks */ = {
			isa = PBXFrameworksBuildPhase;
			buildActionMask = 2147483647;
			files = (
			);
			runOnlyForDeploymentPostprocessing = 0;
		};
/* End PBXFrameworksBuildPhase section */

/* Begin PBXGroup section */
		E712A2FC26A2F29300D6B3E4 /* RSColors */ = {
			isa = PBXGroup;
			children = (
				E712A2FD26A2F2D200D6B3E4 /* UIColor+RSColor.h */,
				E712A2FE26A2F2D200D6B3E4 /* UIColor+RSColor.m */,
			);
			path = RSColors;
			sourceTree = "<group>";
		};
		E712A30126A33B4B00D6B3E4 /* Protocols */ = {
			isa = PBXGroup;
			children = (
				E712A30026A33B1600D6B3E4 /* RSpaletteVCDelegate.h */,
				E712A30726A3BCDA00D6B3E4 /* RSDrawStateDelegate.h */,
			);
			path = Protocols;
			sourceTree = "<group>";
		};
		E712A30226A3480700D6B3E4 /* Drawings */ = {
			isa = PBXGroup;
			children = (
				E712A30626A3580900D6B3E4 /* Head */,
			);
			path = Drawings;
			sourceTree = "<group>";
		};
		E712A30626A3580900D6B3E4 /* Head */ = {
			isa = PBXGroup;
			children = (
				E712A30326A357FE00D6B3E4 /* RSHeadView.h */,
				E712A30426A357FE00D6B3E4 /* RSHeadView.m */,
			);
			path = Head;
			sourceTree = "<group>";
		};
		E723493B26A1B1010096D488 /* Buttons */ = {
			isa = PBXGroup;
			children = (
				E723493C26A1B14B0096D488 /* RSUIButton.h */,
				E723493D26A1B14B0096D488 /* RSUIButton.m */,
			);
			path = Buttons;
			sourceTree = "<group>";
		};
		E723493F26A227F50096D488 /* RSPalletVC */ = {
			isa = PBXGroup;
			children = (
				E712A2FC26A2F29300D6B3E4 /* RSColors */,
				E723494926A243D40096D488 /* RSPalleteUnit */,
				E723494326A228EC0096D488 /* RSPalletVC.h */,
				E723494426A228EC0096D488 /* RSPalletVC.m */,
				E723494526A228EC0096D488 /* RSPalletVC.xib */,
			);
			path = RSPalletVC;
			sourceTree = "<group>";
		};
		E723494926A243D40096D488 /* RSPalleteUnit */ = {
			isa = PBXGroup;
			children = (
				E723494A26A243FB0096D488 /* RSPalleteUnit.h */,
				E723494B26A243FB0096D488 /* RSPalleteUnit.m */,
			);
			path = RSPalleteUnit;
			sourceTree = "<group>";
		};
		E7A5B79426A0BD830048B382 = {
			isa = PBXGroup;
			children = (
				E7A5B79F26A0BD830048B382 /* RSSchool_T8 */,
				E7A5B79E26A0BD830048B382 /* Products */,
			);
			sourceTree = "<group>";
		};
		E7A5B79E26A0BD830048B382 /* Products */ = {
			isa = PBXGroup;
			children = (
				E7A5B79D26A0BD830048B382 /* RSSchool_T8.app */,
			);
			name = Products;
			sourceTree = "<group>";
		};
		E7A5B79F26A0BD830048B382 /* RSSchool_T8 */ = {
			isa = PBXGroup;
			children = (
				E7F3A59626A406BF00B39B8A /* RSTimerVC */,
				E712A30226A3480700D6B3E4 /* Drawings */,
				E712A30126A33B4B00D6B3E4 /* Protocols */,
				E723493F26A227F50096D488 /* RSPalletVC */,
				E7A5B7F226A0DADD0048B382 /* RSDrawingsVC */,
				E7A5B7F126A0D5AD0048B382 /* RSArtistVC */,
				E7A5B7B926A0C1220048B382 /* RSNavigationVC */,
				E7A5B7A026A0BD830048B382 /* AppDelegate.h */,
				E7A5B7A126A0BD830048B382 /* AppDelegate.m */,
				E7A5B7E226A0CA930048B382 /* fonts */,
				E7A5B7AC26A0BD850048B382 /* Assets.xcassets */,
				E7A5B7AE26A0BD850048B382 /* LaunchScreen.storyboard */,
				E7A5B7B126A0BD850048B382 /* Info.plist */,
				E7A5B7B226A0BD850048B382 /* main.m */,
			);
			path = RSSchool_T8;
			sourceTree = "<group>";
		};
		E7A5B7B926A0C1220048B382 /* RSNavigationVC */ = {
			isa = PBXGroup;
			children = (
				E7A5B7BA26A0C1860048B382 /* RSNavigationVC.h */,
				E7A5B7BB26A0C1860048B382 /* RSNavigationVC.m */,
			);
			path = RSNavigationVC;
			sourceTree = "<group>";
		};
		E7A5B7E226A0CA930048B382 /* fonts */ = {
			isa = PBXGroup;
			children = (
				E7A5B7E526A0CB590048B382 /* Montserrat-Medium.ttf */,
				E7A5B7E626A0CB590048B382 /* Montserrat-Regular.ttf */,
			);
			path = fonts;
			sourceTree = "<group>";
		};
		E7A5B7F126A0D5AD0048B382 /* RSArtistVC */ = {
			isa = PBXGroup;
			children = (
				E723493B26A1B1010096D488 /* Buttons */,
				E7A5B7EC26A0D5A40048B382 /* RSArtistVC.h */,
				E7A5B7ED26A0D5A40048B382 /* RSArtistVC.m */,
				E7A5B7EB26A0D1A60048B382 /* RSArtistState.h */,
				E7A5B7EE26A0D5A40048B382 /* RSArtistVC.xib */,
			);
			path = RSArtistVC;
			sourceTree = "<group>";
		};
		E7A5B7F226A0DADD0048B382 /* RSDrawingsVC */ = {
			isa = PBXGroup;
			children = (
				E7A5B7F426A0DBAE0048B382 /* RSDrawingsVC.swift */,
				E7A5B7F326A0DBAE0048B382 /* RSSchool_T8-Bridging-Header.h */,
				E7A5B7F526A0DBAE0048B382 /* RSDrawingsVC.xib */,
			);
			path = RSDrawingsVC;
			sourceTree = "<group>";
		};
		E7F3A59626A406BF00B39B8A /* RSTimerVC */ = {
			isa = PBXGroup;
			children = (
				E7F3A59826A4071800B39B8A /* RSTimerVC.swift */,
				E7F3A59926A4071800B39B8A /* RSTimerVC.xib */,
			);
			path = RSTimerVC;
			sourceTree = "<group>";
		};
/* End PBXGroup section */

/* Begin PBXNativeTarget section */
		E7A5B79C26A0BD830048B382 /* RSSchool_T8 */ = {
			isa = PBXNativeTarget;
			buildConfigurationList = E7A5B7B626A0BD850048B382 /* Build configuration list for PBXNativeTarget "RSSchool_T8" */;
			buildPhases = (
				E7A5B79926A0BD830048B382 /* Sources */,
				E7A5B79A26A0BD830048B382 /* Frameworks */,
				E7A5B79B26A0BD830048B382 /* Resources */,
			);
			buildRules = (
			);
			dependencies = (
			);
			name = RSSchool_T8;
			productName = RSSchool_T8;
			productReference = E7A5B79D26A0BD830048B382 /* RSSchool_T8.app */;
			productType = "com.apple.product-type.application";
		};
/* End PBXNativeTarget section */

/* Begin PBXProject section */
		E7A5B79526A0BD830048B382 /* Project object */ = {
			isa = PBXProject;
			attributes = {
				LastUpgradeCheck = 1250;
				TargetAttributes = {
					E7A5B79C26A0BD830048B382 = {
						CreatedOnToolsVersion = 12.5.1;
						LastSwiftMigration = 1250;
					};
				};
			};
			buildConfigurationList = E7A5B79826A0BD830048B382 /* Build configuration list for PBXProject "RSSchool_T8" */;
			compatibilityVersion = "Xcode 9.3";
			developmentRegion = en;
			hasScannedForEncodings = 0;
			knownRegions = (
				en,
				Base,
			);
			mainGroup = E7A5B79426A0BD830048B382;
			productRefGroup = E7A5B79E26A0BD830048B382 /* Products */;
			projectDirPath = "";
			projectRoot = "";
			targets = (
				E7A5B79C26A0BD830048B382 /* RSSchool_T8 */,
			);
		};
/* End PBXProject section */

/* Begin PBXResourcesBuildPhase section */
		E7A5B79B26A0BD830048B382 /* Resources */ = {
			isa = PBXResourcesBuildPhase;
			buildActionMask = 2147483647;
			files = (
				E723494726A228EC0096D488 /* RSPalletVC.xib in Resources */,
				E7A5B7E826A0CB590048B382 /* Montserrat-Regular.ttf in Resources */,
				E7A5B7B026A0BD850048B382 /* LaunchScreen.storyboard in Resources */,
				E7A5B7E726A0CB590048B382 /* Montserrat-Medium.ttf in Resources */,
				E7A5B7F026A0D5A40048B382 /* RSArtistVC.xib in Resources */,
				E7F3A59B26A4071800B39B8A /* RSTimerVC.xib in Resources */,
				E7A5B7F726A0DBAE0048B382 /* RSDrawingsVC.xib in Resources */,
				E7A5B7AD26A0BD850048B382 /* Assets.xcassets in Resources */,
			);
			runOnlyForDeploymentPostprocessing = 0;
		};
/* End PBXResourcesBuildPhase section */

/* Begin PBXSourcesBuildPhase section */
		E7A5B79926A0BD830048B382 /* Sources */ = {
			isa = PBXSourcesBuildPhase;
			buildActionMask = 2147483647;
			files = (
				E723494626A228EC0096D488 /* RSPalletVC.m in Sources */,
				E7A5B7EF26A0D5A40048B382 /* RSArtistVC.m in Sources */,
				E7A5B7A226A0BD830048B382 /* AppDelegate.m in Sources */,
				E7A5B7F626A0DBAE0048B382 /* RSDrawingsVC.swift in Sources */,
				E7A5B7B326A0BD850048B382 /* main.m in Sources */,
				E712A30526A357FE00D6B3E4 /* RSHeadView.m in Sources */,
				E712A2FF26A2F2D200D6B3E4 /* UIColor+RSColor.m in Sources */,
				E723493E26A1B14B0096D488 /* RSUIButton.m in Sources */,
				E7F3A59A26A4071800B39B8A /* RSTimerVC.swift in Sources */,
				E723494C26A243FB0096D488 /* RSPalleteUnit.m in Sources */,
				E7A5B7BC26A0C1860048B382 /* RSNavigationVC.m in Sources */,
			);
			runOnlyForDeploymentPostprocessing = 0;
		};
/* End PBXSourcesBuildPhase section */

/* Begin PBXVariantGroup section */
		E7A5B7AE26A0BD850048B382 /* LaunchScreen.storyboard */ = {
			isa = PBXVariantGroup;
			children = (
				E7A5B7AF26A0BD850048B382 /* Base */,
			);
			name = LaunchScreen.storyboard;
			sourceTree = "<group>";
		};
/* End PBXVariantGroup section */

/* Begin XCBuildConfiguration section */
		E7A5B7B426A0BD850048B382 /* Debug */ = {
			isa = XCBuildConfiguration;
			buildSettings = {
				ALWAYS_SEARCH_USER_PATHS = NO;
				CLANG_ANALYZER_NONNULL = YES;
				CLANG_ANALYZER_NUMBER_OBJECT_CONVERSION = YES_AGGRESSIVE;
				CLANG_CXX_LANGUAGE_STANDARD = "gnu++14";
				CLANG_CXX_LIBRARY = "libc++";
				CLANG_ENABLE_MODULES = YES;
				CLANG_ENABLE_OBJC_ARC = YES;
				CLANG_ENABLE_OBJC_WEAK = YES;
				CLANG_WARN_BLOCK_CAPTURE_AUTORELEASING = YES;
				CLANG_WARN_BOOL_CONVERSION = YES;
				CLANG_WARN_COMMA = YES;
				CLANG_WARN_CONSTANT_CONVERSION = YES;
				CLANG_WARN_DEPRECATED_OBJC_IMPLEMENTATIONS = YES;
				CLANG_WARN_DIRECT_OBJC_ISA_USAGE = YES_ERROR;
				CLANG_WARN_DOCUMENTATION_COMMENTS = YES;
				CLANG_WARN_EMPTY_BODY = YES;
				CLANG_WARN_ENUM_CONVERSION = YES;
				CLANG_WARN_INFINITE_RECURSION = YES;
				CLANG_WARN_INT_CONVERSION = YES;
				CLANG_WARN_NON_LITERAL_NULL_CONVERSION = YES;
				CLANG_WARN_OBJC_IMPLICIT_RETAIN_SELF = YES;
				CLANG_WARN_OBJC_LITERAL_CONVERSION = YES;
				CLANG_WARN_OBJC_ROOT_CLASS = YES_ERROR;
				CLANG_WARN_QUOTED_INCLUDE_IN_FRAMEWORK_HEADER = YES;
				CLANG_WARN_RANGE_LOOP_ANALYSIS = YES;
				CLANG_WARN_STRICT_PROTOTYPES = YES;
				CLANG_WARN_SUSPICIOUS_MOVE = YES;
				CLANG_WARN_UNGUARDED_AVAILABILITY = YES_AGGRESSIVE;
				CLANG_WARN_UNREACHABLE_CODE = YES;
				CLANG_WARN__DUPLICATE_METHOD_MATCH = YES;
				COPY_PHASE_STRIP = NO;
				DEBUG_INFORMATION_FORMAT = dwarf;
				DEFINES_MODULE = YES;
				ENABLE_STRICT_OBJC_MSGSEND = YES;
				ENABLE_TESTABILITY = YES;
				GCC_C_LANGUAGE_STANDARD = gnu11;
				GCC_DYNAMIC_NO_PIC = NO;
				GCC_NO_COMMON_BLOCKS = YES;
				GCC_OPTIMIZATION_LEVEL = 0;
				GCC_PREPROCESSOR_DEFINITIONS = (
					"DEBUG=1",
					"$(inherited)",
				);
				GCC_WARN_64_TO_32_BIT_CONVERSION = YES;
				GCC_WARN_ABOUT_RETURN_TYPE = YES_ERROR;
				GCC_WARN_UNDECLARED_SELECTOR = YES;
				GCC_WARN_UNINITIALIZED_AUTOS = YES_AGGRESSIVE;
				GCC_WARN_UNUSED_FUNCTION = YES;
				GCC_WARN_UNUSED_VARIABLE = YES;
				IPHONEOS_DEPLOYMENT_TARGET = 12.1;
				MTL_ENABLE_DEBUG_INFO = INCLUDE_SOURCE;
				MTL_FAST_MATH = YES;
				ONLY_ACTIVE_ARCH = YES;
				SDKROOT = iphoneos;
			};
			name = Debug;
		};
		E7A5B7B526A0BD850048B382 /* Release */ = {
			isa = XCBuildConfiguration;
			buildSettings = {
				ALWAYS_SEARCH_USER_PATHS = NO;
				CLANG_ANALYZER_NONNULL = YES;
				CLANG_ANALYZER_NUMBER_OBJECT_CONVERSION = YES_AGGRESSIVE;
				CLANG_CXX_LANGUAGE_STANDARD = "gnu++14";
				CLANG_CXX_LIBRARY = "libc++";
				CLANG_ENABLE_MODULES = YES;
				CLANG_ENABLE_OBJC_ARC = YES;
				CLANG_ENABLE_OBJC_WEAK = YES;
				CLANG_WARN_BLOCK_CAPTURE_AUTORELEASING = YES;
				CLANG_WARN_BOOL_CONVERSION = YES;
				CLANG_WARN_COMMA = YES;
				CLANG_WARN_CONSTANT_CONVERSION = YES;
				CLANG_WARN_DEPRECATED_OBJC_IMPLEMENTATIONS = YES;
				CLANG_WARN_DIRECT_OBJC_ISA_USAGE = YES_ERROR;
				CLANG_WARN_DOCUMENTATION_COMMENTS = YES;
				CLANG_WARN_EMPTY_BODY = YES;
				CLANG_WARN_ENUM_CONVERSION = YES;
				CLANG_WARN_INFINITE_RECURSION = YES;
				CLANG_WARN_INT_CONVERSION = YES;
				CLANG_WARN_NON_LITERAL_NULL_CONVERSION = YES;
				CLANG_WARN_OBJC_IMPLICIT_RETAIN_SELF = YES;
				CLANG_WARN_OBJC_LITERAL_CONVERSION = YES;
				CLANG_WARN_OBJC_ROOT_CLASS = YES_ERROR;
				CLANG_WARN_QUOTED_INCLUDE_IN_FRAMEWORK_HEADER = YES;
				CLANG_WARN_RANGE_LOOP_ANALYSIS = YES;
				CLANG_WARN_STRICT_PROTOTYPES = YES;
				CLANG_WARN_SUSPICIOUS_MOVE = YES;
				CLANG_WARN_UNGUARDED_AVAILABILITY = YES_AGGRESSIVE;
				CLANG_WARN_UNREACHABLE_CODE = YES;
				CLANG_WARN__DUPLICATE_METHOD_MATCH = YES;
				COPY_PHASE_STRIP = NO;
				DEBUG_INFORMATION_FORMAT = "dwarf-with-dsym";
				DEFINES_MODULE = YES;
				ENABLE_NS_ASSERTIONS = NO;
				ENABLE_STRICT_OBJC_MSGSEND = YES;
				GCC_C_LANGUAGE_STANDARD = gnu11;
				GCC_NO_COMMON_BLOCKS = YES;
				GCC_WARN_64_TO_32_BIT_CONVERSION = YES;
				GCC_WARN_ABOUT_RETURN_TYPE = YES_ERROR;
				GCC_WARN_UNDECLARED_SELECTOR = YES;
				GCC_WARN_UNINITIALIZED_AUTOS = YES_AGGRESSIVE;
				GCC_WARN_UNUSED_FUNCTION = YES;
				GCC_WARN_UNUSED_VARIABLE = YES;
				IPHONEOS_DEPLOYMENT_TARGET = 12.1;
				MTL_ENABLE_DEBUG_INFO = NO;
				MTL_FAST_MATH = YES;
				SDKROOT = iphoneos;
				VALIDATE_PRODUCT = YES;
			};
			name = Release;
		};
		E7A5B7B726A0BD850048B382 /* Debug */ = {
			isa = XCBuildConfiguration;
			buildSettings = {
				ASSETCATALOG_COMPILER_APPICON_NAME = AppIcon;
				ASSETCATALOG_COMPILER_GLOBAL_ACCENT_COLOR_NAME = AccentColor;
				CLANG_ENABLE_MODULES = YES;
				CODE_SIGN_STYLE = Automatic;
				DEVELOPMENT_TEAM = W2M8AABV3R;
				INFOPLIST_FILE = RSSchool_T8/Info.plist;
				LD_RUNPATH_SEARCH_PATHS = (
					"$(inherited)",
					"@executable_path/Frameworks",
				);
				PRODUCT_BUNDLE_IDENTIFIER = "anniersh.RSSchool-T8";
				PRODUCT_NAME = "$(TARGET_NAME)";
				SWIFT_OBJC_BRIDGING_HEADER = "RSSchool_T8/RSDrawingsVC/RSSchool_T8-Bridging-Header.h";
				SWIFT_OPTIMIZATION_LEVEL = "-Onone";
				SWIFT_VERSION = 5.0;
				TARGETED_DEVICE_FAMILY = "1,2";
			};
			name = Debug;
		};
		E7A5B7B826A0BD850048B382 /* Release */ = {
			isa = XCBuildConfiguration;
			buildSettings = {
				ASSETCATALOG_COMPILER_APPICON_NAME = AppIcon;
				ASSETCATALOG_COMPILER_GLOBAL_ACCENT_COLOR_NAME = AccentColor;
				CLANG_ENABLE_MODULES = YES;
				CODE_SIGN_STYLE = Automatic;
				DEVELOPMENT_TEAM = W2M8AABV3R;
				INFOPLIST_FILE = RSSchool_T8/Info.plist;
				LD_RUNPATH_SEARCH_PATHS = (
					"$(inherited)",
					"@executable_path/Frameworks",
				);
				PRODUCT_BUNDLE_IDENTIFIER = "anniersh.RSSchool-T8";
				PRODUCT_NAME = "$(TARGET_NAME)";
				SWIFT_OBJC_BRIDGING_HEADER = "RSSchool_T8/RSDrawingsVC/RSSchool_T8-Bridging-Header.h";
				SWIFT_VERSION = 5.0;
				TARGETED_DEVICE_FAMILY = "1,2";
			};
			name = Release;
		};
/* End XCBuildConfiguration section */

/* Begin XCConfigurationList section */
		E7A5B79826A0BD830048B382 /* Build configuration list for PBXProject "RSSchool_T8" */ = {
			isa = XCConfigurationList;
			buildConfigurations = (
				E7A5B7B426A0BD850048B382 /* Debug */,
				E7A5B7B526A0BD850048B382 /* Release */,
			);
			defaultConfigurationIsVisible = 0;
			defaultConfigurationName = Release;
		};
		E7A5B7B626A0BD850048B382 /* Build configuration list for PBXNativeTarget "RSSchool_T8" */ = {
			isa = XCConfigurationList;
			buildConfigurations = (
				E7A5B7B726A0BD850048B382 /* Debug */,
				E7A5B7B826A0BD850048B382 /* Release */,
			);
			defaultConfigurationIsVisible = 0;
			defaultConfigurationName = Release;
		};
/* End XCConfigurationList section */
	};
	rootObject = E7A5B79526A0BD830048B382 /* Project object */;
}
